
Microsoft Visual Studio Solution File, Format Version 12.00
# Visual Studio Version 17
VisualStudioVersion = 17.7.34202.233
MinimumVisualStudioVersion = 10.0.40219.1
Project("{FAE04EC0-301F-11D3-BF4B-00C04F79EFBC}") = "BudgetApp", "BudgetApp\BudgetApp.csproj", "{2D12DCB3-034A-4F6F-933F-2C46D44D0523}"
EndProject
Global
	GlobalSection(SolutionConfigurationPlatforms) = preSolution
		Debug|Any CPU = Debug|Any CPU
		Release|Any CPU = Release|Any CPU
	EndGlobalSection
	GlobalSection(ProjectConfigurationPlatforms) = postSolution
		{2D12DCB3-034A-4F6F-933F-2C46D44D0523}.Debug|Any CPU.ActiveCfg = Debug|Any CPU
		{2D12DCB3-034A-4F6F-933F-2C46D44D0523}.Debug|Any CPU.Build.0 = Debug|Any CPU
		{2D12DCB3-034A-4F6F-933F-2C46D44D0523}.Release|Any CPU.ActiveCfg = Release|Any CPU
		{2D12DCB3-034A-4F6F-933F-2C46D44D0523}.Release|Any CPU.Build.0 = Release|Any CPU
	EndGlobalSection
	GlobalSection(SolutionProperties) = preSolution
		HideSolutionNode = FALSE
	EndGlobalSection
	GlobalSection(ExtensibilityGlobals) = postSolution
		SolutionGuid = {93BDFFBF-6810-42EF-9090-3819A3C8E5B1}
	EndGlobalSection
EndGlobal
